// !$*UTF8*$!
{
	archiveVersion = 1;
	classes = {
	};
	objectVersion = 46;
	objects = {

/* Begin PBXBuildFile section */
		77481D081C68AB4A008F0177 /* RoomNameViewController.swift in Sources */ = {isa = PBXBuildFile; fileRef = 77481D071C68AB4A008F0177 /* RoomNameViewController.swift */; };
		77B1ED1D1C6086E90084C65B /* AppDelegate.swift in Sources */ = {isa = PBXBuildFile; fileRef = 77B1ED1C1C6086E90084C65B /* AppDelegate.swift */; };
		77B1ED1F1C6086E90084C65B /* WebRTCViewController.swift in Sources */ = {isa = PBXBuildFile; fileRef = 77B1ED1E1C6086E90084C65B /* WebRTCViewController.swift */; };
		77B1ED221C6086E90084C65B /* Main.storyboard in Resources */ = {isa = PBXBuildFile; fileRef = 77B1ED201C6086E90084C65B /* Main.storyboard */; };
		77B1ED241C6086E90084C65B /* Assets.xcassets in Resources */ = {isa = PBXBuildFile; fileRef = 77B1ED231C6086E90084C65B /* Assets.xcassets */; };
		77B1ED271C6086E90084C65B /* LaunchScreen.storyboard in Resources */ = {isa = PBXBuildFile; fileRef = 77B1ED251C6086E90084C65B /* LaunchScreen.storyboard */; };
		A5F1A6501F26423800841501 /* ARDAppClient.m in Sources */ = {isa = PBXBuildFile; fileRef = A5F1A63C1F26423800841501 /* ARDAppClient.m */; };
		A5F1A6511F26423800841501 /* ARDMessageResponse.m in Sources */ = {isa = PBXBuildFile; fileRef = A5F1A63F1F26423800841501 /* ARDMessageResponse.m */; };
		A5F1A6521F26423800841501 /* ARDRegisterResponse.m in Sources */ = {isa = PBXBuildFile; fileRef = A5F1A6411F26423800841501 /* ARDRegisterResponse.m */; };
		A5F1A6531F26423800841501 /* ARDSignalingMessage.m in Sources */ = {isa = PBXBuildFile; fileRef = A5F1A6431F26423800841501 /* ARDSignalingMessage.m */; };
		A5F1A6541F26423800841501 /* ARDUtilities.m in Sources */ = {isa = PBXBuildFile; fileRef = A5F1A6451F26423800841501 /* ARDUtilities.m */; };
		A5F1A6551F26423800841501 /* ARDWebSocketChannel.m in Sources */ = {isa = PBXBuildFile; fileRef = A5F1A6471F26423800841501 /* ARDWebSocketChannel.m */; };
		A5F1A6561F26423800841501 /* RTCICECandidate+JSON.m in Sources */ = {isa = PBXBuildFile; fileRef = A5F1A6491F26423800841501 /* RTCICECandidate+JSON.m */; };
		A5F1A6571F26423800841501 /* RTCICEServer+JSON.m in Sources */ = {isa = PBXBuildFile; fileRef = A5F1A64B1F26423800841501 /* RTCICEServer+JSON.m */; };
		A5F1A6581F26423800841501 /* RTCMediaConstraints+JSON.m in Sources */ = {isa = PBXBuildFile; fileRef = A5F1A64D1F26423800841501 /* RTCMediaConstraints+JSON.m */; };
		A5F1A6591F26423900841501 /* RTCSessionDescription+JSON.m in Sources */ = {isa = PBXBuildFile; fileRef = A5F1A64F1F26423800841501 /* RTCSessionDescription+JSON.m */; };
		E041532AE1EA45303F415EF5 /* Pods_WebRTC_iOS_Swift.framework in Frameworks */ = {isa = PBXBuildFile; fileRef = 42CE1EB883405AF3CBA7AE84 /* Pods_WebRTC_iOS_Swift.framework */; };
/* End PBXBuildFile section */

/* Begin PBXFileReference section */
		006514878015C72E125DF53E /* Pods-WebRTC iOS SwiftTests.release.xcconfig */ = {isa = PBXFileReference; includeInIndex = 1; lastKnownFileType = text.xcconfig; name = "Pods-WebRTC iOS SwiftTests.release.xcconfig"; path = "Pods/Target Support Files/Pods-WebRTC iOS SwiftTests/Pods-WebRTC iOS SwiftTests.release.xcconfig"; sourceTree = "<group>"; };
		42CE1EB883405AF3CBA7AE84 /* Pods_WebRTC_iOS_Swift.framework */ = {isa = PBXFileReference; explicitFileType = wrapper.framework; includeInIndex = 0; path = Pods_WebRTC_iOS_Swift.framework; sourceTree = BUILT_PRODUCTS_DIR; };
		4B3A0B391DCE75E9201A6346 /* Pods-WebRTC iOS SwiftUITests.debug.xcconfig */ = {isa = PBXFileReference; includeInIndex = 1; lastKnownFileType = text.xcconfig; name = "Pods-WebRTC iOS SwiftUITests.debug.xcconfig"; path = "Pods/Target Support Files/Pods-WebRTC iOS SwiftUITests/Pods-WebRTC iOS SwiftUITests.debug.xcconfig"; sourceTree = "<group>"; };
		69BC624C7046BF660FA46A06 /* Pods_WebRTC_iOS_SwiftUITests.framework */ = {isa = PBXFileReference; explicitFileType = wrapper.framework; includeInIndex = 0; path = Pods_WebRTC_iOS_SwiftUITests.framework; sourceTree = BUILT_PRODUCTS_DIR; };
		76A788A1FCDED39210BC3E5C /* Pods-WebRTC iOS SwiftUITests.release.xcconfig */ = {isa = PBXFileReference; includeInIndex = 1; lastKnownFileType = text.xcconfig; name = "Pods-WebRTC iOS SwiftUITests.release.xcconfig"; path = "Pods/Target Support Files/Pods-WebRTC iOS SwiftUITests/Pods-WebRTC iOS SwiftUITests.release.xcconfig"; sourceTree = "<group>"; };
		77481D071C68AB4A008F0177 /* RoomNameViewController.swift */ = {isa = PBXFileReference; fileEncoding = 4; lastKnownFileType = sourcecode.swift; path = RoomNameViewController.swift; sourceTree = "<group>"; };
		77B1ED191C6086E90084C65B /* WebRTC iOS Swift.app */ = {isa = PBXFileReference; explicitFileType = wrapper.application; includeInIndex = 0; path = "WebRTC iOS Swift.app"; sourceTree = BUILT_PRODUCTS_DIR; };
		77B1ED1C1C6086E90084C65B /* AppDelegate.swift */ = {isa = PBXFileReference; lastKnownFileType = sourcecode.swift; path = AppDelegate.swift; sourceTree = "<group>"; };
		77B1ED1E1C6086E90084C65B /* WebRTCViewController.swift */ = {isa = PBXFileReference; lastKnownFileType = sourcecode.swift; path = WebRTCViewController.swift; sourceTree = "<group>"; };
		77B1ED211C6086E90084C65B /* Base */ = {isa = PBXFileReference; lastKnownFileType = file.storyboard; name = Base; path = Base.lproj/Main.storyboard; sourceTree = "<group>"; };
		77B1ED231C6086E90084C65B /* Assets.xcassets */ = {isa = PBXFileReference; lastKnownFileType = folder.assetcatalog; path = Assets.xcassets; sourceTree = "<group>"; };
		77B1ED261C6086E90084C65B /* Base */ = {isa = PBXFileReference; lastKnownFileType = file.storyboard; name = Base; path = Base.lproj/LaunchScreen.storyboard; sourceTree = "<group>"; };
		77B1ED281C6086E90084C65B /* Info.plist */ = {isa = PBXFileReference; lastKnownFileType = text.plist.xml; path = Info.plist; sourceTree = "<group>"; };
		77B1ED4A1C60B3840084C65B /* WebRTC iOS Swift-Bridging-Header.h */ = {isa = PBXFileReference; lastKnownFileType = sourcecode.c.h; path = "WebRTC iOS Swift-Bridging-Header.h"; sourceTree = "<group>"; };
		95EBDBA8F2C6A9B36E658F95 /* Pods-WebRTC iOS Swift.debug.xcconfig */ = {isa = PBXFileReference; includeInIndex = 1; lastKnownFileType = text.xcconfig; name = "Pods-WebRTC iOS Swift.debug.xcconfig"; path = "Pods/Target Support Files/Pods-WebRTC iOS Swift/Pods-WebRTC iOS Swift.debug.xcconfig"; sourceTree = "<group>"; };
		A20AA6E39037EE1D29F2FBFB /* Pods-WebRTC iOS Swift.release.xcconfig */ = {isa = PBXFileReference; includeInIndex = 1; lastKnownFileType = text.xcconfig; name = "Pods-WebRTC iOS Swift.release.xcconfig"; path = "Pods/Target Support Files/Pods-WebRTC iOS Swift/Pods-WebRTC iOS Swift.release.xcconfig"; sourceTree = "<group>"; };
		A5F1A63C1F26423800841501 /* ARDAppClient.m */ = {isa = PBXFileReference; fileEncoding = 4; lastKnownFileType = sourcecode.c.objc; name = ARDAppClient.m; path = AppRTC/ARDAppClient.m; sourceTree = "<group>"; };
		A5F1A63D1F26423800841501 /* ARDAppClient.h */ = {isa = PBXFileReference; fileEncoding = 4; lastKnownFileType = sourcecode.c.h; name = ARDAppClient.h; path = AppRTC/ARDAppClient.h; sourceTree = "<group>"; };
		A5F1A63E1F26423800841501 /* ARDMessageResponse.h */ = {isa = PBXFileReference; fileEncoding = 4; lastKnownFileType = sourcecode.c.h; name = ARDMessageResponse.h; path = AppRTC/ARDMessageResponse.h; sourceTree = "<group>"; };
		A5F1A63F1F26423800841501 /* ARDMessageResponse.m */ = {isa = PBXFileReference; fileEncoding = 4; lastKnownFileType = sourcecode.c.objc; name = ARDMessageResponse.m; path = AppRTC/ARDMessageResponse.m; sourceTree = "<group>"; };
		A5F1A6401F26423800841501 /* ARDRegisterResponse.h */ = {isa = PBXFileReference; fileEncoding = 4; lastKnownFileType = sourcecode.c.h; name = ARDRegisterResponse.h; path = AppRTC/ARDRegisterResponse.h; sourceTree = "<group>"; };
		A5F1A6411F26423800841501 /* ARDRegisterResponse.m */ = {isa = PBXFileReference; fileEncoding = 4; lastKnownFileType = sourcecode.c.objc; name = ARDRegisterResponse.m; path = AppRTC/ARDRegisterResponse.m; sourceTree = "<group>"; };
		A5F1A6421F26423800841501 /* ARDSignalingMessage.h */ = {isa = PBXFileReference; fileEncoding = 4; lastKnownFileType = sourcecode.c.h; name = ARDSignalingMessage.h; path = AppRTC/ARDSignalingMessage.h; sourceTree = "<group>"; };
		A5F1A6431F26423800841501 /* ARDSignalingMessage.m */ = {isa = PBXFileReference; fileEncoding = 4; lastKnownFileType = sourcecode.c.objc; name = ARDSignalingMessage.m; path = AppRTC/ARDSignalingMessage.m; sourceTree = "<group>"; };
		A5F1A6441F26423800841501 /* ARDUtilities.h */ = {isa = PBXFileReference; fileEncoding = 4; lastKnownFileType = sourcecode.c.h; name = ARDUtilities.h; path = AppRTC/ARDUtilities.h; sourceTree = "<group>"; };
		A5F1A6451F26423800841501 /* ARDUtilities.m */ = {isa = PBXFileReference; fileEncoding = 4; lastKnownFileType = sourcecode.c.objc; name = ARDUtilities.m; path = AppRTC/ARDUtilities.m; sourceTree = "<group>"; };
		A5F1A6461F26423800841501 /* ARDWebSocketChannel.h */ = {isa = PBXFileReference; fileEncoding = 4; lastKnownFileType = sourcecode.c.h; name = ARDWebSocketChannel.h; path = AppRTC/ARDWebSocketChannel.h; sourceTree = "<group>"; };
		A5F1A6471F26423800841501 /* ARDWebSocketChannel.m */ = {isa = PBXFileReference; fileEncoding = 4; lastKnownFileType = sourcecode.c.objc; name = ARDWebSocketChannel.m; path = AppRTC/ARDWebSocketChannel.m; sourceTree = "<group>"; };
		A5F1A6481F26423800841501 /* RTCICECandidate+JSON.h */ = {isa = PBXFileReference; fileEncoding = 4; lastKnownFileType = sourcecode.c.h; name = "RTCICECandidate+JSON.h"; path = "AppRTC/RTCICECandidate+JSON.h"; sourceTree = "<group>"; };
		A5F1A6491F26423800841501 /* RTCICECandidate+JSON.m */ = {isa = PBXFileReference; fileEncoding = 4; lastKnownFileType = sourcecode.c.objc; name = "RTCICECandidate+JSON.m"; path = "AppRTC/RTCICECandidate+JSON.m"; sourceTree = "<group>"; };
		A5F1A64A1F26423800841501 /* RTCICEServer+JSON.h */ = {isa = PBXFileReference; fileEncoding = 4; lastKnownFileType = sourcecode.c.h; name = "RTCICEServer+JSON.h"; path = "AppRTC/RTCICEServer+JSON.h"; sourceTree = "<group>"; };
		A5F1A64B1F26423800841501 /* RTCICEServer+JSON.m */ = {isa = PBXFileReference; fileEncoding = 4; lastKnownFileType = sourcecode.c.objc; name = "RTCICEServer+JSON.m"; path = "AppRTC/RTCICEServer+JSON.m"; sourceTree = "<group>"; };
		A5F1A64C1F26423800841501 /* RTCMediaConstraints+JSON.h */ = {isa = PBXFileReference; fileEncoding = 4; lastKnownFileType = sourcecode.c.h; name = "RTCMediaConstraints+JSON.h"; path = "AppRTC/RTCMediaConstraints+JSON.h"; sourceTree = "<group>"; };
		A5F1A64D1F26423800841501 /* RTCMediaConstraints+JSON.m */ = {isa = PBXFileReference; fileEncoding = 4; lastKnownFileType = sourcecode.c.objc; name = "RTCMediaConstraints+JSON.m"; path = "AppRTC/RTCMediaConstraints+JSON.m"; sourceTree = "<group>"; };
		A5F1A64E1F26423800841501 /* RTCSessionDescription+JSON.h */ = {isa = PBXFileReference; fileEncoding = 4; lastKnownFileType = sourcecode.c.h; name = "RTCSessionDescription+JSON.h"; path = "AppRTC/RTCSessionDescription+JSON.h"; sourceTree = "<group>"; };
		A5F1A64F1F26423800841501 /* RTCSessionDescription+JSON.m */ = {isa = PBXFileReference; fileEncoding = 4; lastKnownFileType = sourcecode.c.objc; name = "RTCSessionDescription+JSON.m"; path = "AppRTC/RTCSessionDescription+JSON.m"; sourceTree = "<group>"; };
		B0CB7770DE25BD9AD1A79C5B /* Pods_WebRTC_iOS_SwiftTests.framework */ = {isa = PBXFileReference; explicitFileType = wrapper.framework; includeInIndex = 0; path = Pods_WebRTC_iOS_SwiftTests.framework; sourceTree = BUILT_PRODUCTS_DIR; };
		F8E5BEF56F406A3A442452CC /* Pods-WebRTC iOS SwiftTests.debug.xcconfig */ = {isa = PBXFileReference; includeInIndex = 1; lastKnownFileType = text.xcconfig; name = "Pods-WebRTC iOS SwiftTests.debug.xcconfig"; path = "Pods/Target Support Files/Pods-WebRTC iOS SwiftTests/Pods-WebRTC iOS SwiftTests.debug.xcconfig"; sourceTree = "<group>"; };
/* End PBXFileReference section */

/* Begin PBXFrameworksBuildPhase section */
		77B1ED161C6086E90084C65B /* Frameworks */ = {
			isa = PBXFrameworksBuildPhase;
			buildActionMask = 2147483647;
			files = (
				E041532AE1EA45303F415EF5 /* Pods_WebRTC_iOS_Swift.framework in Frameworks */,
			);
			runOnlyForDeploymentPostprocessing = 0;
		};
/* End PBXFrameworksBuildPhase section */

/* Begin PBXGroup section */
		547957D9C28CAD885ECCC843 /* Pods */ = {
			isa = PBXGroup;
			children = (
				95EBDBA8F2C6A9B36E658F95 /* Pods-WebRTC iOS Swift.debug.xcconfig */,
				A20AA6E39037EE1D29F2FBFB /* Pods-WebRTC iOS Swift.release.xcconfig */,
				F8E5BEF56F406A3A442452CC /* Pods-WebRTC iOS SwiftTests.debug.xcconfig */,
				006514878015C72E125DF53E /* Pods-WebRTC iOS SwiftTests.release.xcconfig */,
				4B3A0B391DCE75E9201A6346 /* Pods-WebRTC iOS SwiftUITests.debug.xcconfig */,
				76A788A1FCDED39210BC3E5C /* Pods-WebRTC iOS SwiftUITests.release.xcconfig */,
			);
			name = Pods;
			sourceTree = "<group>";
		};
		77B1ED101C6086E90084C65B = {
			isa = PBXGroup;
			children = (
				77B1ED1B1C6086E90084C65B /* WebRTC iOS Swift */,
				77B1ED1A1C6086E90084C65B /* Products */,
				547957D9C28CAD885ECCC843 /* Pods */,
				AF84FB6998F00D63C8AB4E18 /* Frameworks */,
			);
			sourceTree = "<group>";
		};
		77B1ED1A1C6086E90084C65B /* Products */ = {
			isa = PBXGroup;
			children = (
				77B1ED191C6086E90084C65B /* WebRTC iOS Swift.app */,
			);
			name = Products;
			sourceTree = "<group>";
		};
		77B1ED1B1C6086E90084C65B /* WebRTC iOS Swift */ = {
			isa = PBXGroup;
			children = (
				77B2D6631C69BB6700D1BC25 /* Library */,
				77B1ED521C60C6640084C65B /* Controller */,
				77B1ED1C1C6086E90084C65B /* AppDelegate.swift */,
				77B1ED201C6086E90084C65B /* Main.storyboard */,
				77B1ED231C6086E90084C65B /* Assets.xcassets */,
				77B1ED251C6086E90084C65B /* LaunchScreen.storyboard */,
				77B1ED281C6086E90084C65B /* Info.plist */,
				77B1ED4A1C60B3840084C65B /* WebRTC iOS Swift-Bridging-Header.h */,
			);
			path = "WebRTC iOS Swift";
			sourceTree = "<group>";
		};
		77B1ED521C60C6640084C65B /* Controller */ = {
			isa = PBXGroup;
			children = (
				77B1ED1E1C6086E90084C65B /* WebRTCViewController.swift */,
				77481D071C68AB4A008F0177 /* RoomNameViewController.swift */,
			);
			name = Controller;
			sourceTree = "<group>";
		};
		77B2D6631C69BB6700D1BC25 /* Library */ = {
			isa = PBXGroup;
			children = (
				77B2D6641C69BC1200D1BC25 /* AppRTC */,
			);
			name = Library;
			sourceTree = "<group>";
		};
		77B2D6641C69BC1200D1BC25 /* AppRTC */ = {
			isa = PBXGroup;
			children = (
				A5F1A63C1F26423800841501 /* ARDAppClient.m */,
				A5F1A63D1F26423800841501 /* ARDAppClient.h */,
				A5F1A63E1F26423800841501 /* ARDMessageResponse.h */,
				A5F1A63F1F26423800841501 /* ARDMessageResponse.m */,
				A5F1A6401F26423800841501 /* ARDRegisterResponse.h */,
				A5F1A6411F26423800841501 /* ARDRegisterResponse.m */,
				A5F1A6421F26423800841501 /* ARDSignalingMessage.h */,
				A5F1A6431F26423800841501 /* ARDSignalingMessage.m */,
				A5F1A6441F26423800841501 /* ARDUtilities.h */,
				A5F1A6451F26423800841501 /* ARDUtilities.m */,
				A5F1A6461F26423800841501 /* ARDWebSocketChannel.h */,
				A5F1A6471F26423800841501 /* ARDWebSocketChannel.m */,
				A5F1A6481F26423800841501 /* RTCICECandidate+JSON.h */,
				A5F1A6491F26423800841501 /* RTCICECandidate+JSON.m */,
				A5F1A64A1F26423800841501 /* RTCICEServer+JSON.h */,
				A5F1A64B1F26423800841501 /* RTCICEServer+JSON.m */,
				A5F1A64C1F26423800841501 /* RTCMediaConstraints+JSON.h */,
				A5F1A64D1F26423800841501 /* RTCMediaConstraints+JSON.m */,
				A5F1A64E1F26423800841501 /* RTCSessionDescription+JSON.h */,
				A5F1A64F1F26423800841501 /* RTCSessionDescription+JSON.m */,
			);
			name = AppRTC;
			sourceTree = "<group>";
		};
		AF84FB6998F00D63C8AB4E18 /* Frameworks */ = {
			isa = PBXGroup;
			children = (
				42CE1EB883405AF3CBA7AE84 /* Pods_WebRTC_iOS_Swift.framework */,
				B0CB7770DE25BD9AD1A79C5B /* Pods_WebRTC_iOS_SwiftTests.framework */,
				69BC624C7046BF660FA46A06 /* Pods_WebRTC_iOS_SwiftUITests.framework */,
			);
			name = Frameworks;
			sourceTree = "<group>";
		};
/* End PBXGroup section */

/* Begin PBXNativeTarget section */
		77B1ED181C6086E90084C65B /* WebRTC iOS Swift */ = {
			isa = PBXNativeTarget;
			buildConfigurationList = 77B1ED411C6086EA0084C65B /* Build configuration list for PBXNativeTarget "WebRTC iOS Swift" */;
			buildPhases = (
				96F101C9D94B5A0D24F85E4D /* [CP] Check Pods Manifest.lock */,
				77B1ED151C6086E90084C65B /* Sources */,
				77B1ED161C6086E90084C65B /* Frameworks */,
				77B1ED171C6086E90084C65B /* Resources */,
				7880F290E835EC83BDA8339D /* [CP] Embed Pods Frameworks */,
				33666AD0F9898B57F9FD984C /* [CP] Copy Pods Resources */,
			);
			buildRules = (
			);
			dependencies = (
			);
			name = "WebRTC iOS Swift";
			productName = "WebRTC iOS Swift";
			productReference = 77B1ED191C6086E90084C65B /* WebRTC iOS Swift.app */;
			productType = "com.apple.product-type.application";
		};
/* End PBXNativeTarget section */

/* Begin PBXProject section */
		77B1ED111C6086E90084C65B /* Project object */ = {
			isa = PBXProject;
			attributes = {
				LastSwiftUpdateCheck = 0720;
				LastUpgradeCheck = 0720;
				ORGANIZATIONNAME = "Sushil Dahal";
				TargetAttributes = {
					77B1ED181C6086E90084C65B = {
						CreatedOnToolsVersion = 7.2;
						DevelopmentTeam = TSYMSMEV9H;
						LastSwiftMigration = 0830;
					};
				};
			};
			buildConfigurationList = 77B1ED141C6086E90084C65B /* Build configuration list for PBXProject "WebRTC iOS Swift" */;
			compatibilityVersion = "Xcode 3.2";
			developmentRegion = English;
			hasScannedForEncodings = 0;
			knownRegions = (
				en,
				Base,
			);
			mainGroup = 77B1ED101C6086E90084C65B;
			productRefGroup = 77B1ED1A1C6086E90084C65B /* Products */;
			projectDirPath = "";
			projectRoot = "";
			targets = (
				77B1ED181C6086E90084C65B /* WebRTC iOS Swift */,
			);
		};
/* End PBXProject section */

/* Begin PBXResourcesBuildPhase section */
		77B1ED171C6086E90084C65B /* Resources */ = {
			isa = PBXResourcesBuildPhase;
			buildActionMask = 2147483647;
			files = (
				77B1ED271C6086E90084C65B /* LaunchScreen.storyboard in Resources */,
				77B1ED241C6086E90084C65B /* Assets.xcassets in Resources */,
				77B1ED221C6086E90084C65B /* Main.storyboard in Resources */,
			);
			runOnlyForDeploymentPostprocessing = 0;
		};
/* End PBXResourcesBuildPhase section */

/* Begin PBXShellScriptBuildPhase section */
		33666AD0F9898B57F9FD984C /* [CP] Copy Pods Resources */ = {
			isa = PBXShellScriptBuildPhase;
			buildActionMask = 2147483647;
			files = (
			);
			inputPaths = (
			);
			name = "[CP] Copy Pods Resources";
			outputPaths = (
			);
			runOnlyForDeploymentPostprocessing = 0;
			shellPath = /bin/sh;
			shellScript = "\"${SRCROOT}/Pods/Target Support Files/Pods-WebRTC iOS Swift/Pods-WebRTC iOS Swift-resources.sh\"\n";
			showEnvVarsInLog = 0;
		};
		7880F290E835EC83BDA8339D /* [CP] Embed Pods Frameworks */ = {
			isa = PBXShellScriptBuildPhase;
			buildActionMask = 2147483647;
			files = (
			);
			inputPaths = (
			);
			name = "[CP] Embed Pods Frameworks";
			outputPaths = (
			);
			runOnlyForDeploymentPostprocessing = 0;
			shellPath = /bin/sh;
			shellScript = "\"${SRCROOT}/Pods/Target Support Files/Pods-WebRTC iOS Swift/Pods-WebRTC iOS Swift-frameworks.sh\"\n";
			showEnvVarsInLog = 0;
		};
		96F101C9D94B5A0D24F85E4D /* [CP] Check Pods Manifest.lock */ = {
			isa = PBXShellScriptBuildPhase;
			buildActionMask = 2147483647;
			files = (
			);
			inputPaths = (
			);
			name = "[CP] Check Pods Manifest.lock";
			outputPaths = (
			);
			runOnlyForDeploymentPostprocessing = 0;
			shellPath = /bin/sh;
			shellScript = "diff \"${PODS_ROOT}/../Podfile.lock\" \"${PODS_ROOT}/Manifest.lock\" > /dev/null\nif [ $? != 0 ] ; then\n    # print error to STDERR\n    echo \"error: The sandbox is not in sync with the Podfile.lock. Run 'pod install' or update your CocoaPods installation.\" >&2\n    exit 1\nfi\n";
			showEnvVarsInLog = 0;
		};
/* End PBXShellScriptBuildPhase section */

/* Begin PBXSourcesBuildPhase section */
		77B1ED151C6086E90084C65B /* Sources */ = {
			isa = PBXSourcesBuildPhase;
			buildActionMask = 2147483647;
			files = (
				77B1ED1F1C6086E90084C65B /* WebRTCViewController.swift in Sources */,
				A5F1A6501F26423800841501 /* ARDAppClient.m in Sources */,
				A5F1A6551F26423800841501 /* ARDWebSocketChannel.m in Sources */,
				A5F1A6571F26423800841501 /* RTCICEServer+JSON.m in Sources */,
				A5F1A6591F26423900841501 /* RTCSessionDescription+JSON.m in Sources */,
				A5F1A6541F26423800841501 /* ARDUtilities.m in Sources */,
				A5F1A6511F26423800841501 /* ARDMessageResponse.m in Sources */,
				77B1ED1D1C6086E90084C65B /* AppDelegate.swift in Sources */,
				A5F1A6581F26423800841501 /* RTCMediaConstraints+JSON.m in Sources */,
				A5F1A6561F26423800841501 /* RTCICECandidate+JSON.m in Sources */,
				A5F1A6521F26423800841501 /* ARDRegisterResponse.m in Sources */,
				77481D081C68AB4A008F0177 /* RoomNameViewController.swift in Sources */,
				A5F1A6531F26423800841501 /* ARDSignalingMessage.m in Sources */,
			);
			runOnlyForDeploymentPostprocessing = 0;
		};
/* End PBXSourcesBuildPhase section */

/* Begin PBXVariantGroup section */
		77B1ED201C6086E90084C65B /* Main.storyboard */ = {
			isa = PBXVariantGroup;
			children = (
				77B1ED211C6086E90084C65B /* Base */,
			);
			name = Main.storyboard;
			sourceTree = "<group>";
		};
		77B1ED251C6086E90084C65B /* LaunchScreen.storyboard */ = {
			isa = PBXVariantGroup;
			children = (
				77B1ED261C6086E90084C65B /* Base */,
			);
			name = LaunchScreen.storyboard;
			sourceTree = "<group>";
		};
/* End PBXVariantGroup section */

/* Begin XCBuildConfiguration section */
		77B1ED3F1C6086EA0084C65B /* Debug */ = {
			isa = XCBuildConfiguration;
			buildSettings = {
				ALWAYS_SEARCH_USER_PATHS = NO;
				CLANG_CXX_LANGUAGE_STANDARD = "gnu++0x";
				CLANG_CXX_LIBRARY = "libc++";
				CLANG_ENABLE_MODULES = YES;
				CLANG_ENABLE_OBJC_ARC = YES;
				CLANG_WARN_BOOL_CONVERSION = YES;
				CLANG_WARN_CONSTANT_CONVERSION = YES;
				CLANG_WARN_DIRECT_OBJC_ISA_USAGE = YES_ERROR;
				CLANG_WARN_EMPTY_BODY = YES;
				CLANG_WARN_ENUM_CONVERSION = YES;
				CLANG_WARN_INT_CONVERSION = YES;
				CLANG_WARN_OBJC_ROOT_CLASS = YES_ERROR;
				CLANG_WARN_UNREACHABLE_CODE = YES;
				CLANG_WARN__DUPLICATE_METHOD_MATCH = YES;
				"CODE_SIGN_IDENTITY[sdk=iphoneos*]" = "iPhone Developer";
				COPY_PHASE_STRIP = NO;
				DEBUG_INFORMATION_FORMAT = dwarf;
				ENABLE_STRICT_OBJC_MSGSEND = YES;
				ENABLE_TESTABILITY = YES;
				GCC_C_LANGUAGE_STANDARD = gnu99;
				GCC_DYNAMIC_NO_PIC = NO;
				GCC_NO_COMMON_BLOCKS = YES;
				GCC_OPTIMIZATION_LEVEL = 0;
				GCC_PREPROCESSOR_DEFINITIONS = (
					"DEBUG=1",
					"$(inherited)",
				);
				GCC_WARN_64_TO_32_BIT_CONVERSION = YES;
				GCC_WARN_ABOUT_RETURN_TYPE = YES_ERROR;
				GCC_WARN_UNDECLARED_SELECTOR = YES;
				GCC_WARN_UNINITIALIZED_AUTOS = YES_AGGRESSIVE;
				GCC_WARN_UNUSED_FUNCTION = YES;
				GCC_WARN_UNUSED_VARIABLE = YES;
				IPHONEOS_DEPLOYMENT_TARGET = 9.2;
				MTL_ENABLE_DEBUG_INFO = YES;
				ONLY_ACTIVE_ARCH = YES;
				SDKROOT = iphoneos;
				SWIFT_OPTIMIZATION_LEVEL = "-Onone";
			};
			name = Debug;
		};
		77B1ED401C6086EA0084C65B /* Release */ = {
			isa = XCBuildConfiguration;
			buildSettings = {
				ALWAYS_SEARCH_USER_PATHS = NO;
				CLANG_CXX_LANGUAGE_STANDARD = "gnu++0x";
				CLANG_CXX_LIBRARY = "libc++";
				CLANG_ENABLE_MODULES = YES;
				CLANG_ENABLE_OBJC_ARC = YES;
				CLANG_WARN_BOOL_CONVERSION = YES;
				CLANG_WARN_CONSTANT_CONVERSION = YES;
				CLANG_WARN_DIRECT_OBJC_ISA_USAGE = YES_ERROR;
				CLANG_WARN_EMPTY_BODY = YES;
				CLANG_WARN_ENUM_CONVERSION = YES;
				CLANG_WARN_INT_CONVERSION = YES;
				CLANG_WARN_OBJC_ROOT_CLASS = YES_ERROR;
				CLANG_WARN_UNREACHABLE_CODE = YES;
				CLANG_WARN__DUPLICATE_METHOD_MATCH = YES;
				"CODE_SIGN_IDENTITY[sdk=iphoneos*]" = "iPhone Developer";
				COPY_PHASE_STRIP = NO;
				DEBUG_INFORMATION_FORMAT = "dwarf-with-dsym";
				ENABLE_NS_ASSERTIONS = NO;
				ENABLE_STRICT_OBJC_MSGSEND = YES;
				GCC_C_LANGUAGE_STANDARD = gnu99;
				GCC_NO_COMMON_BLOCKS = YES;
				GCC_WARN_64_TO_32_BIT_CONVERSION = YES;
				GCC_WARN_ABOUT_RETURN_TYPE = YES_ERROR;
				GCC_WARN_UNDECLARED_SELECTOR = YES;
				GCC_WARN_UNINITIALIZED_AUTOS = YES_AGGRESSIVE;
				GCC_WARN_UNUSED_FUNCTION = YES;
				GCC_WARN_UNUSED_VARIABLE = YES;
				IPHONEOS_DEPLOYMENT_TARGET = 9.2;
				MTL_ENABLE_DEBUG_INFO = NO;
				SDKROOT = iphoneos;
				VALIDATE_PRODUCT = YES;
			};
			name = Release;
		};
		77B1ED421C6086EA0084C65B /* Debug */ = {
			isa = XCBuildConfiguration;
			baseConfigurationReference = 95EBDBA8F2C6A9B36E658F95 /* Pods-WebRTC iOS Swift.debug.xcconfig */;
			buildSettings = {
				ASSETCATALOG_COMPILER_APPICON_NAME = AppIcon;
				CLANG_ENABLE_MODULES = YES;
				CODE_SIGN_IDENTITY = "iPhone Developer";
				DEVELOPMENT_TEAM = TSYMSMEV9H;
				ENABLE_BITCODE = NO;
				INFOPLIST_FILE = "WebRTC iOS Swift/Info.plist";
				LD_RUNPATH_SEARCH_PATHS = "$(inherited) @executable_path/Frameworks";
				PRODUCT_BUNDLE_IDENTIFIER = com.techguthi.test;
				PRODUCT_NAME = "$(TARGET_NAME)";
				SWIFT_OBJC_BRIDGING_HEADER = "WebRTC iOS Swift/WebRTC iOS Swift-Bridging-Header.h";
				SWIFT_OPTIMIZATION_LEVEL = "-Onone";
				SWIFT_VERSION = 3.0;
			};
			name = Debug;
		};
		77B1ED431C6086EA0084C65B /* Release */ = {
			isa = XCBuildConfiguration;
			baseConfigurationReference = A20AA6E39037EE1D29F2FBFB /* Pods-WebRTC iOS Swift.release.xcconfig */;
			buildSettings = {
				ASSETCATALOG_COMPILER_APPICON_NAME = AppIcon;
				CLANG_ENABLE_MODULES = YES;
				CODE_SIGN_IDENTITY = "iPhone Developer";
				DEVELOPMENT_TEAM = TSYMSMEV9H;
				ENABLE_BITCODE = NO;
				INFOPLIST_FILE = "WebRTC iOS Swift/Info.plist";
				LD_RUNPATH_SEARCH_PATHS = "$(inherited) @executable_path/Frameworks";
				PRODUCT_BUNDLE_IDENTIFIER = com.techguthi.test;
				PRODUCT_NAME = "$(TARGET_NAME)";
				SWIFT_OBJC_BRIDGING_HEADER = "WebRTC iOS Swift/WebRTC iOS Swift-Bridging-Header.h";
				SWIFT_VERSION = 3.0;
			};
			name = Release;
		};
/* End XCBuildConfiguration section */

/* Begin XCConfigurationList section */
		77B1ED141C6086E90084C65B /* Build configuration list for PBXProject "WebRTC iOS Swift" */ = {
			isa = XCConfigurationList;
			buildConfigurations = (
				77B1ED3F1C6086EA0084C65B /* Debug */,
				77B1ED401C6086EA0084C65B /* Release */,
			);
			defaultConfigurationIsVisible = 0;
			defaultConfigurationName = Release;
		};
		77B1ED411C6086EA0084C65B /* Build configuration list for PBXNativeTarget "WebRTC iOS Swift" */ = {
			isa = XCConfigurationList;
			buildConfigurations = (
				77B1ED421C6086EA0084C65B /* Debug */,
				77B1ED431C6086EA0084C65B /* Release */,
			);
			defaultConfigurationIsVisible = 0;
			defaultConfigurationName = Release;
		};
/* End XCConfigurationList section */
	};
	rootObject = 77B1ED111C6086E90084C65B /* Project object */;
}
